// !$*UTF8*$!
{
	archiveVersion = 1;
	classes = {
	};
	objectVersion = 46;
	objects = {

/* Begin PBXBuildFile section */
		2837FB961D782A3400B3D904 /* AppDelegate.swift in Sources */ = {isa = PBXBuildFile; fileRef = 2837FB951D782A3400B3D904 /* AppDelegate.swift */; };
		2837FB9B1D782A3400B3D904 /* Main.storyboard in Resources */ = {isa = PBXBuildFile; fileRef = 2837FB991D782A3400B3D904 /* Main.storyboard */; };
		2837FB9D1D782A3400B3D904 /* Assets.xcassets in Resources */ = {isa = PBXBuildFile; fileRef = 2837FB9C1D782A3400B3D904 /* Assets.xcassets */; };
		2837FBA01D782A3400B3D904 /* LaunchScreen.storyboard in Resources */ = {isa = PBXBuildFile; fileRef = 2837FB9E1D782A3400B3D904 /* LaunchScreen.storyboard */; };
		2837FBA81D7837C800B3D904 /* FlickrPhotosViewController.swift in Sources */ = {isa = PBXBuildFile; fileRef = 2837FBA71D7837C800B3D904 /* FlickrPhotosViewController.swift */; };
		2837FBAA1D7919F000B3D904 /* FlickrSearcher.swift in Sources */ = {isa = PBXBuildFile; fileRef = 2837FBA91D7919F000B3D904 /* FlickrSearcher.swift */; };
		2837FBAC1D7D1F0500B3D904 /* FlickrPhotoCell.swift in Sources */ = {isa = PBXBuildFile; fileRef = 2837FBAB1D7D1F0500B3D904 /* FlickrPhotoCell.swift */; };
		2837FBAE1D7D3FF800B3D904 /* FlickrPhotoHeaderView.swift in Sources */ = {isa = PBXBuildFile; fileRef = 2837FBAD1D7D3FF800B3D904 /* FlickrPhotoHeaderView.swift */; };
/* End PBXBuildFile section */

/* Begin PBXFileReference section */
		2837FB921D782A3400B3D904 /* FlickrSearch.app */ = {isa = PBXFileReference; explicitFileType = wrapper.application; includeInIndex = 0; path = FlickrSearch.app; sourceTree = BUILT_PRODUCTS_DIR; };
		2837FB951D782A3400B3D904 /* AppDelegate.swift */ = {isa = PBXFileReference; lastKnownFileType = sourcecode.swift; path = AppDelegate.swift; sourceTree = "<group>"; };
		2837FB9A1D782A3400B3D904 /* Base */ = {isa = PBXFileReference; lastKnownFileType = file.storyboard; name = Base; path = Base.lproj/Main.storyboard; sourceTree = "<group>"; };
		2837FB9C1D782A3400B3D904 /* Assets.xcassets */ = {isa = PBXFileReference; lastKnownFileType = folder.assetcatalog; path = Assets.xcassets; sourceTree = "<group>"; };
		2837FB9F1D782A3400B3D904 /* Base */ = {isa = PBXFileReference; lastKnownFileType = file.storyboard; name = Base; path = Base.lproj/LaunchScreen.storyboard; sourceTree = "<group>"; };
		2837FBA11D782A3400B3D904 /* Info.plist */ = {isa = PBXFileReference; lastKnownFileType = text.plist.xml; path = Info.plist; sourceTree = "<group>"; };
		2837FBA71D7837C800B3D904 /* FlickrPhotosViewController.swift */ = {isa = PBXFileReference; fileEncoding = 4; lastKnownFileType = sourcecode.swift; path = FlickrPhotosViewController.swift; sourceTree = "<group>"; };
		2837FBA91D7919F000B3D904 /* FlickrSearcher.swift */ = {isa = PBXFileReference; fileEncoding = 4; lastKnownFileType = sourcecode.swift; path = FlickrSearcher.swift; sourceTree = "<group>"; };
		2837FBAB1D7D1F0500B3D904 /* FlickrPhotoCell.swift */ = {isa = PBXFileReference; fileEncoding = 4; lastKnownFileType = sourcecode.swift; path = FlickrPhotoCell.swift; sourceTree = "<group>"; };
		2837FBAD1D7D3FF800B3D904 /* FlickrPhotoHeaderView.swift */ = {isa = PBXFileReference; fileEncoding = 4; lastKnownFileType = sourcecode.swift; path = FlickrPhotoHeaderView.swift; sourceTree = "<group>"; };
/* End PBXFileReference section */

/* Begin PBXFrameworksBuildPhase section */
		2837FB8F1D782A3400B3D904 /* Frameworks */ = {
			isa = PBXFrameworksBuildPhase;
			buildActionMask = 2147483647;
			files = (
			);
			runOnlyForDeploymentPostprocessing = 0;
		};
/* End PBXFrameworksBuildPhase section */

/* Begin PBXGroup section */
		2837FB891D782A3400B3D904 = {
			isa = PBXGroup;
			children = (
				2837FB941D782A3400B3D904 /* FlickrSearch */,
				2837FB931D782A3400B3D904 /* Products */,
			);
			sourceTree = "<group>";
		};
		2837FB931D782A3400B3D904 /* Products */ = {
			isa = PBXGroup;
			children = (
				2837FB921D782A3400B3D904 /* FlickrSearch.app */,
			);
			name = Products;
			sourceTree = "<group>";
		};
		2837FB941D782A3400B3D904 /* FlickrSearch */ = {
			isa = PBXGroup;
			children = (
				2837FBA91D7919F000B3D904 /* FlickrSearcher.swift */,
				2837FB951D782A3400B3D904 /* AppDelegate.swift */,
				2837FB991D782A3400B3D904 /* Main.storyboard */,
				2837FBAB1D7D1F0500B3D904 /* FlickrPhotoCell.swift */,
				2837FBA71D7837C800B3D904 /* FlickrPhotosViewController.swift */,
				2837FBAD1D7D3FF800B3D904 /* FlickrPhotoHeaderView.swift */,
				2837FB9C1D782A3400B3D904 /* Assets.xcassets */,
				2837FB9E1D782A3400B3D904 /* LaunchScreen.storyboard */,
				2837FBA11D782A3400B3D904 /* Info.plist */,
			);
			path = FlickrSearch;
			sourceTree = "<group>";
		};
/* End PBXGroup section */

/* Begin PBXNativeTarget section */
		2837FB911D782A3400B3D904 /* FlickrSearch */ = {
			isa = PBXNativeTarget;
			buildConfigurationList = 2837FBA41D782A3400B3D904 /* Build configuration list for PBXNativeTarget "FlickrSearch" */;
			buildPhases = (
				2837FB8E1D782A3400B3D904 /* Sources */,
				2837FB8F1D782A3400B3D904 /* Frameworks */,
				2837FB901D782A3400B3D904 /* Resources */,
			);
			buildRules = (
			);
			dependencies = (
			);
			name = FlickrSearch;
			productName = FlickrSearch;
			productReference = 2837FB921D782A3400B3D904 /* FlickrSearch.app */;
			productType = "com.apple.product-type.application";
		};
/* End PBXNativeTarget section */

/* Begin PBXProject section */
		2837FB8A1D782A3400B3D904 /* Project object */ = {
			isa = PBXProject;
			attributes = {
				LastSwiftUpdateCheck = 0730;
				LastUpgradeCheck = 0730;
				ORGANIZATIONNAME = "Super Fun";
				TargetAttributes = {
					2837FB911D782A3400B3D904 = {
						CreatedOnToolsVersion = 7.3;
					};
				};
			};
			buildConfigurationList = 2837FB8D1D782A3400B3D904 /* Build configuration list for PBXProject "FlickrSearch" */;
			compatibilityVersion = "Xcode 3.2";
			developmentRegion = English;
			hasScannedForEncodings = 0;
			knownRegions = (
				en,
				Base,
			);
			mainGroup = 2837FB891D782A3400B3D904;
			productRefGroup = 2837FB931D782A3400B3D904 /* Products */;
			projectDirPath = "";
			projectRoot = "";
			targets = (
				2837FB911D782A3400B3D904 /* FlickrSearch */,
			);
		};
/* End PBXProject section */

/* Begin PBXResourcesBuildPhase section */
		2837FB901D782A3400B3D904 /* Resources */ = {
			isa = PBXResourcesBuildPhase;
			buildActionMask = 2147483647;
			files = (
				2837FBA01D782A3400B3D904 /* LaunchScreen.storyboard in Resources */,
				2837FB9D1D782A3400B3D904 /* Assets.xcassets in Resources */,
				2837FB9B1D782A3400B3D904 /* Main.storyboard in Resources */,
			);
			runOnlyForDeploymentPostprocessing = 0;
		};
/* End PBXResourcesBuildPhase section */

/* Begin PBXSourcesBuildPhase section */
		2837FB8E1D782A3400B3D904 /* Sources */ = {
			isa = PBXSourcesBuildPhase;
			buildActionMask = 2147483647;
			files = (
				2837FBAA1D7919F000B3D904 /* FlickrSearcher.swift in Sources */,
				2837FBAC1D7D1F0500B3D904 /* FlickrPhotoCell.swift in Sources */,
				2837FBAE1D7D3FF800B3D904 /* FlickrPhotoHeaderView.swift in Sources */,
				2837FBA81D7837C800B3D904 /* FlickrPhotosViewController.swift in Sources */,
				2837FB961D782A3400B3D904 /* AppDelegate.swift in Sources */,
			);
			runOnlyForDeploymentPostprocessing = 0;
		};
/* End PBXSourcesBuildPhase section */

/* Begin PBXVariantGroup section */
		2837FB991D782A3400B3D904 /* Main.storyboard */ = {
			isa = PBXVariantGroup;
			children = (
				2837FB9A1D782A3400B3D904 /* Base */,
			);
			name = Main.storyboard;
			sourceTree = "<group>";
		};
		2837FB9E1D782A3400B3D904 /* LaunchScreen.storyboard */ = {
			isa = PBXVariantGroup;
			children = (
				2837FB9F1D782A3400B3D904 /* Base */,
			);
			name = LaunchScreen.storyboard;
			sourceTree = "<group>";
		};
/* End PBXVariantGroup section */

/* Begin XCBuildConfiguration section */
		2837FBA21D782A3400B3D904 /* Debug */ = {
			isa = XCBuildConfiguration;
			buildSettings = {
				ALWAYS_SEARCH_USER_PATHS = NO;
				CLANG_ANALYZER_NONNULL = YES;
				CLANG_CXX_LANGUAGE_STANDARD = "gnu++0x";
				CLANG_CXX_LIBRARY = "libc++";
				CLANG_ENABLE_MODULES = YES;
				CLANG_ENABLE_OBJC_ARC = YES;
				CLANG_WARN_BOOL_CONVERSION = YES;
				CLANG_WARN_CONSTANT_CONVERSION = YES;
				CLANG_WARN_DIRECT_OBJC_ISA_USAGE = YES_ERROR;
				CLANG_WARN_EMPTY_BODY = YES;
				CLANG_WARN_ENUM_CONVERSION = YES;
				CLANG_WARN_INT_CONVERSION = YES;
				CLANG_WARN_OBJC_ROOT_CLASS = YES_ERROR;
				CLANG_WARN_UNREACHABLE_CODE = YES;
				CLANG_WARN__DUPLICATE_METHOD_MATCH = YES;
				"CODE_SIGN_IDENTITY[sdk=iphoneos*]" = "iPhone Developer";
				COPY_PHASE_STRIP = NO;
				DEBUG_INFORMATION_FORMAT = dwarf;
				ENABLE_STRICT_OBJC_MSGSEND = YES;
				ENABLE_TESTABILITY = YES;
				GCC_C_LANGUAGE_STANDARD = gnu99;
				GCC_DYNAMIC_NO_PIC = NO;
				GCC_NO_COMMON_BLOCKS = YES;
				GCC_OPTIMIZATION_LEVEL = 0;
				GCC_PREPROCESSOR_DEFINITIONS = (
					"DEBUG=1",
					"$(inherited)",
				);
				GCC_WARN_64_TO_32_BIT_CONVERSION = YES;
				GCC_WARN_ABOUT_RETURN_TYPE = YES_ERROR;
				GCC_WARN_UNDECLARED_SELECTOR = YES;
				GCC_WARN_UNINITIALIZED_AUTOS = YES_AGGRESSIVE;
				GCC_WARN_UNUSED_FUNCTION = YES;
				GCC_WARN_UNUSED_VARIABLE = YES;
				IPHONEOS_DEPLOYMENT_TARGET = 9.3;
				MTL_ENABLE_DEBUG_INFO = YES;
				ONLY_ACTIVE_ARCH = YES;
				SDKROOT = iphoneos;
				SWIFT_OPTIMIZATION_LEVEL = "-Onone";
				TARGETED_DEVICE_FAMILY = 2;
			};
			name = Debug;
		};
		2837FBA31D782A3400B3D904 /* Release */ = {
			isa = XCBuildConfiguration;
			buildSettings = {
				ALWAYS_SEARCH_USER_PATHS = NO;
				CLANG_ANALYZER_NONNULL = YES;
				CLANG_CXX_LANGUAGE_STANDARD = "gnu++0x";
				CLANG_CXX_LIBRARY = "libc++";
				CLANG_ENABLE_MODULES = YES;
				CLANG_ENABLE_OBJC_ARC = YES;
				CLANG_WARN_BOOL_CONVERSION = YES;
				CLANG_WARN_CONSTANT_CONVERSION = YES;
				CLANG_WARN_DIRECT_OBJC_ISA_USAGE = YES_ERROR;
				CLANG_WARN_EMPTY_BODY = YES;
				CLANG_WARN_ENUM_CONVERSION = YES;
				CLANG_WARN_INT_CONVERSION = YES;
				CLANG_WARN_OBJC_ROOT_CLASS = YES_ERROR;
				CLANG_WARN_UNREACHABLE_CODE = YES;
				CLANG_WARN__DUPLICATE_METHOD_MATCH = YES;
				"CODE_SIGN_IDENTITY[sdk=iphoneos*]" = "iPhone Developer";
				COPY_PHASE_STRIP = NO;
				DEBUG_INFORMATION_FORMAT = "dwarf-with-dsym";
				ENABLE_NS_ASSERTIONS = NO;
				ENABLE_STRICT_OBJC_MSGSEND = YES;
				GCC_C_LANGUAGE_STANDARD = gnu99;
				GCC_NO_COMMON_BLOCKS = YES;
				GCC_WARN_64_TO_32_BIT_CONVERSION = YES;
				GCC_WARN_ABOUT_RETURN_TYPE = YES_ERROR;
				GCC_WARN_UNDECLARED_SELECTOR = YES;
				GCC_WARN_UNINITIALIZED_AUTOS = YES_AGGRESSIVE;
				GCC_WARN_UNUSED_FUNCTION = YES;
				GCC_WARN_UNUSED_VARIABLE = YES;
				IPHONEOS_DEPLOYMENT_TARGET = 9.3;
				MTL_ENABLE_DEBUG_INFO = NO;
				SDKROOT = iphoneos;
				TARGETED_DEVICE_FAMILY = 2;
				VALIDATE_PRODUCT = YES;
			};
			name = Release;
		};
		2837FBA51D782A3400B3D904 /* Debug */ = {
			isa = XCBuildConfiguration;
			buildSettings = {
				ASSETCATALOG_COMPILER_APPICON_NAME = AppIcon;
				INFOPLIST_FILE = FlickrSearch/Info.plist;
				LD_RUNPATH_SEARCH_PATHS = "$(inherited) @executable_path/Frameworks";
				PRODUCT_BUNDLE_IDENTIFIER = com.superfun.FlickrSearch;
				PRODUCT_NAME = "$(TARGET_NAME)";
			};
			name = Debug;
		};
		2837FBA61D782A3400B3D904 /* Release */ = {
			isa = XCBuildConfiguration;
			buildSettings = {
				ASSETCATALOG_COMPILER_APPICON_NAME = AppIcon;
				INFOPLIST_FILE = FlickrSearch/Info.plist;
				LD_RUNPATH_SEARCH_PATHS = "$(inherited) @executable_path/Frameworks";
				PRODUCT_BUNDLE_IDENTIFIER = com.superfun.FlickrSearch;
				PRODUCT_NAME = "$(TARGET_NAME)";
			};
			name = Release;
		};
/* End XCBuildConfiguration section */

/* Begin XCConfigurationList section */
		2837FB8D1D782A3400B3D904 /* Build configuration list for PBXProject "FlickrSearch" */ = {
			isa = XCConfigurationList;
			buildConfigurations = (
				2837FBA21D782A3400B3D904 /* Debug */,
				2837FBA31D782A3400B3D904 /* Release */,
			);
			defaultConfigurationIsVisible = 0;
			defaultConfigurationName = Release;
		};
		2837FBA41D782A3400B3D904 /* Build configuration list for PBXNativeTarget "FlickrSearch" */ = {
			isa = XCConfigurationList;
			buildConfigurations = (
				2837FBA51D782A3400B3D904 /* Debug */,
				2837FBA61D782A3400B3D904 /* Release */,
			);
			defaultConfigurationIsVisible = 0;
		};
/* End XCConfigurationList section */
	};
	rootObject = 2837FB8A1D782A3400B3D904 /* Project object */;
}
